
Microsoft Visual Studio Solution File, Format Version 12.00
# Visual Studio Version 16
VisualStudioVersion = 16.0.30011.22
MinimumVisualStudioVersion = 10.0.40219.1
Project("{FAE04EC0-301F-11D3-BF4B-00C04F79EFBC}") = "Deng-shape-3D", "Deng-shape-3D\Deng-shape-3D.csproj", "{DECD2874-514B-4549-BE99-A980F098F3F5}"
EndProject
Global
	GlobalSection(SolutionConfigurationPlatforms) = preSolution
		Debug|Any CPU = Debug|Any CPU
		Release|Any CPU = Release|Any CPU
	EndGlobalSection
	GlobalSection(ProjectConfigurationPlatforms) = postSolution
		{DECD2874-514B-4549-BE99-A980F098F3F5}.Debug|Any CPU.ActiveCfg = Debug|Any CPU
		{DECD2874-514B-4549-BE99-A980F098F3F5}.Debug|Any CPU.Build.0 = Debug|Any CPU
		{DECD2874-514B-4549-BE99-A980F098F3F5}.Release|Any CPU.ActiveCfg = Release|Any CPU
		{DECD2874-514B-4549-BE99-A980F098F3F5}.Release|Any CPU.Build.0 = Release|Any CPU
	EndGlobalSection
	GlobalSection(SolutionProperties) = preSolution
		HideSolutionNode = FALSE
	EndGlobalSection
	GlobalSection(ExtensibilityGlobals) = postSolution
		SolutionGuid = {0B34788D-7B7B-480C-A57D-7DE8EB79AF6B}
	EndGlobalSection
EndGlobal
